<?xml version="1.0" encoding="utf-8"?>
<Project ToolsVersion="4.0" xmlns="http://schemas.microsoft.com/developer/msbuild/2003">
  <ItemGroup>
    <Filter Include="Header">
      <UniqueIdentifier>{59dc503b-71c5-4d8a-a31c-c3eb00ebe3d5}</UniqueIdentifier>
    </Filter>
    <Filter Include="Header Files">
      <UniqueIdentifier>{3e9a4f6a-65b9-417a-81ef-793cfda86db9}</UniqueIdentifier>
      <Extensions>h;hpp;hxx;hm;inl;inc;xsd</Extensions>
    </Filter>
    <Filter Include="Source Files">
      <UniqueIdentifier>{90e868da-3b9e-4119-a1f5-cff74b13a742}</UniqueIdentifier>
      <Extensions>cpp;c;cc;cxx;def;odl;idl;hpj;bat;asm;asmx</Extensions>
    </Filter>
  </ItemGroup>
  <ItemGroup>
    <ClInclude Include="public.h">
      <Filter>Header</Filter>
    </ClInclude>
    <ClInclude Include="private.h">
      <Filter>Header</Filter>
    </ClInclude>
    <ClInclude Include="Page.h">
      <Filter>Header</Filter>
    </ClInclude>
    <ClInclude Include="Object.h">
      <Filter>Header</Filter>
    </ClInclude>
    <ClInclude Include="Value.h">
      <Filter>Header</Filter>
    </ClInclude>
    <ClInclude Include="Array.h">
      <Filter>Header</Filter>
    </ClInclude>
    <ClInclude Include="Formats.h">
      <Filter>Header</Filter>
    </ClInclude>
    <ClInclude Include="InstanceSerializer.h">
      <Filter>Header</Filter>
    </ClInclude>
    <ClInclude Include="Stringizer.h">
      <Filter>Header</Filter>
    </ClInclude>
    <ClInclude Include="InstanceParser.h">
      <Filter>Header</Filter>
    </ClInclude>
  </ItemGroup>
  <ItemGroup>
    <ClCompile Include="Page.cpp">
      <Filter>Source Files</Filter>
    </ClCompile>
    <ClCompile Include="Value.cpp">
      <Filter>Source Files</Filter>
    </ClCompile>
    <ClCompile Include="Array.cpp">
      <Filter>Source Files</Filter>
    </ClCompile>
    <ClCompile Include="code.cpp">
      <Filter>Source Files</Filter>
    </ClCompile>
    <ClCompile Include="Object.cpp">
      <Filter>Source Files</Filter>
    </ClCompile>
    <ClCompile Include="NumberValue.cpp">
      <Filter>Source Files</Filter>
    </ClCompile>
    <ClCompile Include="JSONValues.cpp">
      <Filter>Source Files</Filter>
    </ClCompile>
    <ClCompile Include="InstanceSerializer.cpp">
      <Filter>Source Files</Filter>
    </ClCompile>
    <ClCompile Include="Stringizer.cpp">
      <Filter>Source Files</Filter>
    </ClCompile>
    <ClCompile Include="InstanceParser.cpp">
      <Filter>Source Files</Filter>
    </ClCompile>
  </ItemGroup>
</Project>