
Microsoft Visual Studio Solution File, Format Version 12.00
# Visual Studio 2013
VisualStudioVersion = 12.0.31101.0
MinimumVisualStudioVersion = 10.0.40219.1
Project("{2150E333-8FDC-42A3-9474-1A3956D46DE8}") = "Reflexion", "Reflexion", "{BE6DC02C-0846-4FFA-A87F-7502A173E7F1}"
EndProject
Project("{8BC9CEB8-8B4A-11D0-8D11-00A0C91BC942}") = "Reflexion", "..\Reflexion\Reflexion.vcxproj", "{46FD1BE6-2E96-48C0-9766-0D6726F5E42B}"
EndProject
Project("{8BC9CEB8-8B4A-11D0-8D11-00A0C91BC942}") = "Test", "..\Reflexion\Test\Test.vcxproj", "{943EFAAE-529B-4874-8CA5-668DAE222627}"
EndProject
Project("{2150E333-8FDC-42A3-9474-1A3956D46DE8}") = "System", "System", "{AC7C4592-1873-4B12-9432-071D12FF0161}"
EndProject
Project("{2150E333-8FDC-42A3-9474-1A3956D46DE8}") = "Infrastructure", "Infrastructure", "{CF2E5462-934B-4787-A312-DF13E07822E5}"
EndProject
Project("{8BC9CEB8-8B4A-11D0-8D11-00A0C91BC942}") = "Infrastructure", "..\Infrastructure\Reflexion.vcxproj", "{CBD7105F-3BEA-4016-B5DF-88802FF31E9D}"
EndProject
Project("{8BC9CEB8-8B4A-11D0-8D11-00A0C91BC942}") = "Test", "..\Infrastructure\Test\Test.vcxproj", "{912D3002-5C83-48A8-A53A-E957606E8309}"
EndProject
Project("{8BC9CEB8-8B4A-11D0-8D11-00A0C91BC942}") = "System", "..\System\System.vcxproj", "{454AF73C-2970-4295-BEEB-19F97E513C03}"
EndProject
Project("{2150E333-8FDC-42A3-9474-1A3956D46DE8}") = "Rendering", "Rendering", "{788FF3EE-6092-41BE-BED2-A93D2A33FBB2}"
EndProject
Project("{8BC9CEB8-8B4A-11D0-8D11-00A0C91BC942}") = "Test", "..\Rendering\Test\Test.vcxproj", "{B31B12B4-C3DF-467D-8697-6F22E24F9754}"
EndProject
Project("{8BC9CEB8-8B4A-11D0-8D11-00A0C91BC942}") = "Rendering", "..\Rendering\Rendering.vcxproj", "{745DE3EB-AF29-4D37-AB66-7E74746505DC}"
EndProject
Project("{2150E333-8FDC-42A3-9474-1A3956D46DE8}") = "Geometry", "Geometry", "{B41B58CB-B038-4FE9-9EFF-B86E0FE1D9FD}"
EndProject
Project("{8BC9CEB8-8B4A-11D0-8D11-00A0C91BC942}") = "Geometry", "..\Geometry\Geometry.vcxproj", "{0B145DEA-CD30-4C7E-98B5-85CEAEBC1816}"
EndProject
Project("{8BC9CEB8-8B4A-11D0-8D11-00A0C91BC942}") = "Test", "..\Geometry\Test\Test.vcxproj", "{0611126E-E5C3-4566-BF1F-8486DCA4B1AA}"
EndProject
Project("{2150E333-8FDC-42A3-9474-1A3956D46DE8}") = "Serialization", "Serialization", "{5BFBDC20-43FA-488B-9155-27CF968445D9}"
EndProject
Project("{8BC9CEB8-8B4A-11D0-8D11-00A0C91BC942}") = "Serialization", "..\Serialization\Serialization.vcxproj", "{F1208F0B-EC52-4264-AAF9-BF0C4C9D0D36}"
EndProject
Project("{8BC9CEB8-8B4A-11D0-8D11-00A0C91BC942}") = "Test", "..\Serialization\Test\Test.vcxproj", "{61FC3DEE-BF11-482B-8AD2-6B832F242204}"
EndProject
Global
	GlobalSection(SolutionConfigurationPlatforms) = preSolution
		Debug|Win32 = Debug|Win32
		Release|Win32 = Release|Win32
	EndGlobalSection
	GlobalSection(ProjectConfigurationPlatforms) = postSolution
		{46FD1BE6-2E96-48C0-9766-0D6726F5E42B}.Debug|Win32.ActiveCfg = Debug|Win32
		{46FD1BE6-2E96-48C0-9766-0D6726F5E42B}.Debug|Win32.Build.0 = Debug|Win32
		{46FD1BE6-2E96-48C0-9766-0D6726F5E42B}.Release|Win32.ActiveCfg = Release|Win32
		{46FD1BE6-2E96-48C0-9766-0D6726F5E42B}.Release|Win32.Build.0 = Release|Win32
		{943EFAAE-529B-4874-8CA5-668DAE222627}.Debug|Win32.ActiveCfg = Debug|Win32
		{943EFAAE-529B-4874-8CA5-668DAE222627}.Debug|Win32.Build.0 = Debug|Win32
		{943EFAAE-529B-4874-8CA5-668DAE222627}.Release|Win32.ActiveCfg = Release|Win32
		{943EFAAE-529B-4874-8CA5-668DAE222627}.Release|Win32.Build.0 = Release|Win32
		{CBD7105F-3BEA-4016-B5DF-88802FF31E9D}.Debug|Win32.ActiveCfg = Debug|Win32
		{CBD7105F-3BEA-4016-B5DF-88802FF31E9D}.Debug|Win32.Build.0 = Debug|Win32
		{CBD7105F-3BEA-4016-B5DF-88802FF31E9D}.Release|Win32.ActiveCfg = Release|Win32
		{CBD7105F-3BEA-4016-B5DF-88802FF31E9D}.Release|Win32.Build.0 = Release|Win32
		{912D3002-5C83-48A8-A53A-E957606E8309}.Debug|Win32.ActiveCfg = Debug|Win32
		{912D3002-5C83-48A8-A53A-E957606E8309}.Debug|Win32.Build.0 = Debug|Win32
		{912D3002-5C83-48A8-A53A-E957606E8309}.Release|Win32.ActiveCfg = Release|Win32
		{912D3002-5C83-48A8-A53A-E957606E8309}.Release|Win32.Build.0 = Release|Win32
		{454AF73C-2970-4295-BEEB-19F97E513C03}.Debug|Win32.ActiveCfg = Debug|Win32
		{454AF73C-2970-4295-BEEB-19F97E513C03}.Debug|Win32.Build.0 = Debug|Win32
		{454AF73C-2970-4295-BEEB-19F97E513C03}.Release|Win32.ActiveCfg = Release|Win32
		{454AF73C-2970-4295-BEEB-19F97E513C03}.Release|Win32.Build.0 = Release|Win32
		{B31B12B4-C3DF-467D-8697-6F22E24F9754}.Debug|Win32.ActiveCfg = Debug|Win32
		{B31B12B4-C3DF-467D-8697-6F22E24F9754}.Debug|Win32.Build.0 = Debug|Win32
		{B31B12B4-C3DF-467D-8697-6F22E24F9754}.Release|Win32.ActiveCfg = Release|Win32
		{B31B12B4-C3DF-467D-8697-6F22E24F9754}.Release|Win32.Build.0 = Release|Win32
		{745DE3EB-AF29-4D37-AB66-7E74746505DC}.Debug|Win32.ActiveCfg = Debug|Win32
		{745DE3EB-AF29-4D37-AB66-7E74746505DC}.Debug|Win32.Build.0 = Debug|Win32
		{745DE3EB-AF29-4D37-AB66-7E74746505DC}.Release|Win32.ActiveCfg = Release|Win32
		{745DE3EB-AF29-4D37-AB66-7E74746505DC}.Release|Win32.Build.0 = Release|Win32
		{0B145DEA-CD30-4C7E-98B5-85CEAEBC1816}.Debug|Win32.ActiveCfg = Debug|Win32
		{0B145DEA-CD30-4C7E-98B5-85CEAEBC1816}.Debug|Win32.Build.0 = Debug|Win32
		{0B145DEA-CD30-4C7E-98B5-85CEAEBC1816}.Release|Win32.ActiveCfg = Release|Win32
		{0B145DEA-CD30-4C7E-98B5-85CEAEBC1816}.Release|Win32.Build.0 = Release|Win32
		{0611126E-E5C3-4566-BF1F-8486DCA4B1AA}.Debug|Win32.ActiveCfg = Debug|Win32
		{0611126E-E5C3-4566-BF1F-8486DCA4B1AA}.Debug|Win32.Build.0 = Debug|Win32
		{0611126E-E5C3-4566-BF1F-8486DCA4B1AA}.Release|Win32.ActiveCfg = Release|Win32
		{0611126E-E5C3-4566-BF1F-8486DCA4B1AA}.Release|Win32.Build.0 = Release|Win32
		{F1208F0B-EC52-4264-AAF9-BF0C4C9D0D36}.Debug|Win32.ActiveCfg = Debug|Win32
		{F1208F0B-EC52-4264-AAF9-BF0C4C9D0D36}.Debug|Win32.Build.0 = Debug|Win32
		{F1208F0B-EC52-4264-AAF9-BF0C4C9D0D36}.Release|Win32.ActiveCfg = Release|Win32
		{F1208F0B-EC52-4264-AAF9-BF0C4C9D0D36}.Release|Win32.Build.0 = Release|Win32
		{61FC3DEE-BF11-482B-8AD2-6B832F242204}.Debug|Win32.ActiveCfg = Debug|Win32
		{61FC3DEE-BF11-482B-8AD2-6B832F242204}.Debug|Win32.Build.0 = Debug|Win32
		{61FC3DEE-BF11-482B-8AD2-6B832F242204}.Release|Win32.ActiveCfg = Release|Win32
		{61FC3DEE-BF11-482B-8AD2-6B832F242204}.Release|Win32.Build.0 = Release|Win32
	EndGlobalSection
	GlobalSection(SolutionProperties) = preSolution
		HideSolutionNode = FALSE
	EndGlobalSection
	GlobalSection(NestedProjects) = preSolution
		{46FD1BE6-2E96-48C0-9766-0D6726F5E42B} = {BE6DC02C-0846-4FFA-A87F-7502A173E7F1}
		{943EFAAE-529B-4874-8CA5-668DAE222627} = {BE6DC02C-0846-4FFA-A87F-7502A173E7F1}
		{CBD7105F-3BEA-4016-B5DF-88802FF31E9D} = {CF2E5462-934B-4787-A312-DF13E07822E5}
		{912D3002-5C83-48A8-A53A-E957606E8309} = {CF2E5462-934B-4787-A312-DF13E07822E5}
		{454AF73C-2970-4295-BEEB-19F97E513C03} = {AC7C4592-1873-4B12-9432-071D12FF0161}
		{B31B12B4-C3DF-467D-8697-6F22E24F9754} = {788FF3EE-6092-41BE-BED2-A93D2A33FBB2}
		{745DE3EB-AF29-4D37-AB66-7E74746505DC} = {788FF3EE-6092-41BE-BED2-A93D2A33FBB2}
		{0B145DEA-CD30-4C7E-98B5-85CEAEBC1816} = {B41B58CB-B038-4FE9-9EFF-B86E0FE1D9FD}
		{0611126E-E5C3-4566-BF1F-8486DCA4B1AA} = {B41B58CB-B038-4FE9-9EFF-B86E0FE1D9FD}
		{F1208F0B-EC52-4264-AAF9-BF0C4C9D0D36} = {5BFBDC20-43FA-488B-9155-27CF968445D9}
		{61FC3DEE-BF11-482B-8AD2-6B832F242204} = {5BFBDC20-43FA-488B-9155-27CF968445D9}
	EndGlobalSection
EndGlobal
